
Microsoft Visual Studio Solution File, Format Version 12.00
# Visual Studio Version 16
VisualStudioVersion = 16.0.31205.134
MinimumVisualStudioVersion = 10.0.40219.1
Project("{FAE04EC0-301F-11D3-BF4B-00C04F79EFBC}") = "BST", "BST\BST.csproj", "{A67883AE-1E07-4CEF-B323-8204F21BD3EC}"
EndProject
Global
	GlobalSection(SolutionConfigurationPlatforms) = preSolution
		Debug|Any CPU = Debug|Any CPU
		Release|Any CPU = Release|Any CPU
	EndGlobalSection
	GlobalSection(ProjectConfigurationPlatforms) = postSolution
		{A67883AE-1E07-4CEF-B323-8204F21BD3EC}.Debug|Any CPU.ActiveCfg = Debug|Any CPU
		{A67883AE-1E07-4CEF-B323-8204F21BD3EC}.Debug|Any CPU.Build.0 = Debug|Any CPU
		{A67883AE-1E07-4CEF-B323-8204F21BD3EC}.Release|Any CPU.ActiveCfg = Release|Any CPU
		{A67883AE-1E07-4CEF-B323-8204F21BD3EC}.Release|Any CPU.Build.0 = Release|Any CPU
	EndGlobalSection
	GlobalSection(SolutionProperties) = preSolution
		HideSolutionNode = FALSE
	EndGlobalSection
	GlobalSection(ExtensibilityGlobals) = postSolution
		SolutionGuid = {DD386D99-B022-498A-AFA2-7B34248A9710}
	EndGlobalSection
EndGlobal
